// !$*UTF8*$!
{
	archiveVersion = 1;
	classes = {
	};
	objectVersion = 46;
	objects = {

/* Begin PBXBuildFile section */
		79F837731D3393D3006160D0 /* AppDelegate.swift in Sources */ = {isa = PBXBuildFile; fileRef = 79F837721D3393D3006160D0 /* AppDelegate.swift */; };
		79F837751D3393D3006160D0 /* ViewController.swift in Sources */ = {isa = PBXBuildFile; fileRef = 79F837741D3393D3006160D0 /* ViewController.swift */; };
		79F837781D3393D3006160D0 /* Main.storyboard in Resources */ = {isa = PBXBuildFile; fileRef = 79F837761D3393D3006160D0 /* Main.storyboard */; };
		79F8377A1D3393D3006160D0 /* Assets.xcassets in Resources */ = {isa = PBXBuildFile; fileRef = 79F837791D3393D3006160D0 /* Assets.xcassets */; };
		79F8377D1D3393D3006160D0 /* LaunchScreen.storyboard in Resources */ = {isa = PBXBuildFile; fileRef = 79F8377B1D3393D3006160D0 /* LaunchScreen.storyboard */; };
		79F837851D33AC3C006160D0 /* WeatherGetter.swift in Sources */ = {isa = PBXBuildFile; fileRef = 79F837841D33AC3C006160D0 /* WeatherGetter.swift */; };
		79F837871D33AC9A006160D0 /* Weather.swift in Sources */ = {isa = PBXBuildFile; fileRef = 79F837861D33AC99006160D0 /* Weather.swift */; };
/* End PBXBuildFile section */

/* Begin PBXFileReference section */
		79F8376F1D3393D3006160D0 /* Weather.app */ = {isa = PBXFileReference; explicitFileType = wrapper.application; includeInIndex = 0; path = Weather.app; sourceTree = BUILT_PRODUCTS_DIR; };
		79F837721D3393D3006160D0 /* AppDelegate.swift */ = {isa = PBXFileReference; lastKnownFileType = sourcecode.swift; path = AppDelegate.swift; sourceTree = "<group>"; };
		79F837741D3393D3006160D0 /* ViewController.swift */ = {isa = PBXFileReference; lastKnownFileType = sourcecode.swift; path = ViewController.swift; sourceTree = "<group>"; };
		79F837771D3393D3006160D0 /* Base */ = {isa = PBXFileReference; lastKnownFileType = file.storyboard; name = Base; path = Base.lproj/Main.storyboard; sourceTree = "<group>"; };
		79F837791D3393D3006160D0 /* Assets.xcassets */ = {isa = PBXFileReference; lastKnownFileType = folder.assetcatalog; path = Assets.xcassets; sourceTree = "<group>"; };
		79F8377C1D3393D3006160D0 /* Base */ = {isa = PBXFileReference; lastKnownFileType = file.storyboard; name = Base; path = Base.lproj/LaunchScreen.storyboard; sourceTree = "<group>"; };
		79F8377E1D3393D4006160D0 /* Info.plist */ = {isa = PBXFileReference; lastKnownFileType = text.plist.xml; path = Info.plist; sourceTree = "<group>"; };
		79F837841D33AC3C006160D0 /* WeatherGetter.swift */ = {isa = PBXFileReference; fileEncoding = 4; lastKnownFileType = sourcecode.swift; path = WeatherGetter.swift; sourceTree = "<group>"; };
		79F837861D33AC99006160D0 /* Weather.swift */ = {isa = PBXFileReference; fileEncoding = 4; lastKnownFileType = sourcecode.swift; path = Weather.swift; sourceTree = "<group>"; };
/* End PBXFileReference section */

/* Begin PBXFrameworksBuildPhase section */
		79F8376C1D3393D3006160D0 /* Frameworks */ = {
			isa = PBXFrameworksBuildPhase;
			buildActionMask = 2147483647;
			files = (
			);
			runOnlyForDeploymentPostprocessing = 0;
		};
/* End PBXFrameworksBuildPhase section */

/* Begin PBXGroup section */
		79F837661D3393D3006160D0 = {
			isa = PBXGroup;
			children = (
				79F837711D3393D3006160D0 /* Weather */,
				79F837701D3393D3006160D0 /* Products */,
			);
			sourceTree = "<group>";
		};
		79F837701D3393D3006160D0 /* Products */ = {
			isa = PBXGroup;
			children = (
				79F8376F1D3393D3006160D0 /* Weather.app */,
			);
			name = Products;
			sourceTree = "<group>";
		};
		79F837711D3393D3006160D0 /* Weather */ = {
			isa = PBXGroup;
			children = (
				79F837721D3393D3006160D0 /* AppDelegate.swift */,
				79F837741D3393D3006160D0 /* ViewController.swift */,
				79F837761D3393D3006160D0 /* Main.storyboard */,
				79F837791D3393D3006160D0 /* Assets.xcassets */,
				79F8377B1D3393D3006160D0 /* LaunchScreen.storyboard */,
				79F8377E1D3393D4006160D0 /* Info.plist */,
				79F837841D33AC3C006160D0 /* WeatherGetter.swift */,
				79F837861D33AC99006160D0 /* Weather.swift */,
			);
			path = Weather;
			sourceTree = "<group>";
		};
/* End PBXGroup section */

/* Begin PBXNativeTarget section */
		79F8376E1D3393D3006160D0 /* Weather */ = {
			isa = PBXNativeTarget;
			buildConfigurationList = 79F837811D3393D4006160D0 /* Build configuration list for PBXNativeTarget "Weather" */;
			buildPhases = (
				79F8376B1D3393D3006160D0 /* Sources */,
				79F8376C1D3393D3006160D0 /* Frameworks */,
				79F8376D1D3393D3006160D0 /* Resources */,
			);
			buildRules = (
			);
			dependencies = (
			);
			name = Weather;
			productName = Weather;
			productReference = 79F8376F1D3393D3006160D0 /* Weather.app */;
			productType = "com.apple.product-type.application";
		};
/* End PBXNativeTarget section */

/* Begin PBXProject section */
		79F837671D3393D3006160D0 /* Project object */ = {
			isa = PBXProject;
			attributes = {
				LastSwiftUpdateCheck = 0730;
				LastUpgradeCheck = 0730;
				ORGANIZATIONNAME = PatataMatata;
				TargetAttributes = {
					79F8376E1D3393D3006160D0 = {
						CreatedOnToolsVersion = 7.3.1;
					};
				};
			};
			buildConfigurationList = 79F8376A1D3393D3006160D0 /* Build configuration list for PBXProject "Weather" */;
			compatibilityVersion = "Xcode 3.2";
			developmentRegion = English;
			hasScannedForEncodings = 0;
			knownRegions = (
				en,
				Base,
			);
			mainGroup = 79F837661D3393D3006160D0;
			productRefGroup = 79F837701D3393D3006160D0 /* Products */;
			projectDirPath = "";
			projectRoot = "";
			targets = (
				79F8376E1D3393D3006160D0 /* Weather */,
			);
		};
/* End PBXProject section */

/* Begin PBXResourcesBuildPhase section */
		79F8376D1D3393D3006160D0 /* Resources */ = {
			isa = PBXResourcesBuildPhase;
			buildActionMask = 2147483647;
			files = (
				79F8377D1D3393D3006160D0 /* LaunchScreen.storyboard in Resources */,
				79F8377A1D3393D3006160D0 /* Assets.xcassets in Resources */,
				79F837781D3393D3006160D0 /* Main.storyboard in Resources */,
			);
			runOnlyForDeploymentPostprocessing = 0;
		};
/* End PBXResourcesBuildPhase section */

/* Begin PBXSourcesBuildPhase section */
		79F8376B1D3393D3006160D0 /* Sources */ = {
			isa = PBXSourcesBuildPhase;
			buildActionMask = 2147483647;
			files = (
				79F837751D3393D3006160D0 /* ViewController.swift in Sources */,
				79F837851D33AC3C006160D0 /* WeatherGetter.swift in Sources */,
				79F837731D3393D3006160D0 /* AppDelegate.swift in Sources */,
				79F837871D33AC9A006160D0 /* Weather.swift in Sources */,
			);
			runOnlyForDeploymentPostprocessing = 0;
		};
/* End PBXSourcesBuildPhase section */

/* Begin PBXVariantGroup section */
		79F837761D3393D3006160D0 /* Main.storyboard */ = {
			isa = PBXVariantGroup;
			children = (
				79F837771D3393D3006160D0 /* Base */,
			);
			name = Main.storyboard;
			sourceTree = "<group>";
		};
		79F8377B1D3393D3006160D0 /* LaunchScreen.storyboard */ = {
			isa = PBXVariantGroup;
			children = (
				79F8377C1D3393D3006160D0 /* Base */,
			);
			name = LaunchScreen.storyboard;
			sourceTree = "<group>";
		};
/* End PBXVariantGroup section */

/* Begin XCBuildConfiguration section */
		79F8377F1D3393D4006160D0 /* Debug */ = {
			isa = XCBuildConfiguration;
			buildSettings = {
				ALWAYS_SEARCH_USER_PATHS = NO;
				CLANG_ANALYZER_NONNULL = YES;
				CLANG_CXX_LANGUAGE_STANDARD = "gnu++0x";
				CLANG_CXX_LIBRARY = "libc++";
				CLANG_ENABLE_MODULES = YES;
				CLANG_ENABLE_OBJC_ARC = YES;
				CLANG_WARN_BOOL_CONVERSION = YES;
				CLANG_WARN_CONSTANT_CONVERSION = YES;
				CLANG_WARN_DIRECT_OBJC_ISA_USAGE = YES_ERROR;
				CLANG_WARN_EMPTY_BODY = YES;
				CLANG_WARN_ENUM_CONVERSION = YES;
				CLANG_WARN_INT_CONVERSION = YES;
				CLANG_WARN_OBJC_ROOT_CLASS = YES_ERROR;
				CLANG_WARN_UNREACHABLE_CODE = YES;
				CLANG_WARN__DUPLICATE_METHOD_MATCH = YES;
				"CODE_SIGN_IDENTITY[sdk=iphoneos*]" = "iPhone Developer";
				COPY_PHASE_STRIP = NO;
				DEBUG_INFORMATION_FORMAT = dwarf;
				ENABLE_STRICT_OBJC_MSGSEND = YES;
				ENABLE_TESTABILITY = YES;
				GCC_C_LANGUAGE_STANDARD = gnu99;
				GCC_DYNAMIC_NO_PIC = NO;
				GCC_NO_COMMON_BLOCKS = YES;
				GCC_OPTIMIZATION_LEVEL = 0;
				GCC_PREPROCESSOR_DEFINITIONS = (
					"DEBUG=1",
					"$(inherited)",
				);
				GCC_WARN_64_TO_32_BIT_CONVERSION = YES;
				GCC_WARN_ABOUT_RETURN_TYPE = YES_ERROR;
				GCC_WARN_UNDECLARED_SELECTOR = YES;
				GCC_WARN_UNINITIALIZED_AUTOS = YES_AGGRESSIVE;
				GCC_WARN_UNUSED_FUNCTION = YES;
				GCC_WARN_UNUSED_VARIABLE = YES;
				IPHONEOS_DEPLOYMENT_TARGET = 9.3;
				MTL_ENABLE_DEBUG_INFO = YES;
				ONLY_ACTIVE_ARCH = YES;
				SDKROOT = iphoneos;
				SWIFT_OPTIMIZATION_LEVEL = "-Onone";
				TARGETED_DEVICE_FAMILY = "1,2";
			};
			name = Debug;
		};
		79F837801D3393D4006160D0 /* Release */ = {
			isa = XCBuildConfiguration;
			buildSettings = {
				ALWAYS_SEARCH_USER_PATHS = NO;
				CLANG_ANALYZER_NONNULL = YES;
				CLANG_CXX_LANGUAGE_STANDARD = "gnu++0x";
				CLANG_CXX_LIBRARY = "libc++";
				CLANG_ENABLE_MODULES = YES;
				CLANG_ENABLE_OBJC_ARC = YES;
				CLANG_WARN_BOOL_CONVERSION = YES;
				CLANG_WARN_CONSTANT_CONVERSION = YES;
				CLANG_WARN_DIRECT_OBJC_ISA_USAGE = YES_ERROR;
				CLANG_WARN_EMPTY_BODY = YES;
				CLANG_WARN_ENUM_CONVERSION = YES;
				CLANG_WARN_INT_CONVERSION = YES;
				CLANG_WARN_OBJC_ROOT_CLASS = YES_ERROR;
				CLANG_WARN_UNREACHABLE_CODE = YES;
				CLANG_WARN__DUPLICATE_METHOD_MATCH = YES;
				"CODE_SIGN_IDENTITY[sdk=iphoneos*]" = "iPhone Developer";
				COPY_PHASE_STRIP = NO;
				DEBUG_INFORMATION_FORMAT = "dwarf-with-dsym";
				ENABLE_NS_ASSERTIONS = NO;
				ENABLE_STRICT_OBJC_MSGSEND = YES;
				GCC_C_LANGUAGE_STANDARD = gnu99;
				GCC_NO_COMMON_BLOCKS = YES;
				GCC_WARN_64_TO_32_BIT_CONVERSION = YES;
				GCC_WARN_ABOUT_RETURN_TYPE = YES_ERROR;
				GCC_WARN_UNDECLARED_SELECTOR = YES;
				GCC_WARN_UNINITIALIZED_AUTOS = YES_AGGRESSIVE;
				GCC_WARN_UNUSED_FUNCTION = YES;
				GCC_WARN_UNUSED_VARIABLE = YES;
				IPHONEOS_DEPLOYMENT_TARGET = 9.3;
				MTL_ENABLE_DEBUG_INFO = NO;
				SDKROOT = iphoneos;
				TARGETED_DEVICE_FAMILY = "1,2";
				VALIDATE_PRODUCT = YES;
			};
			name = Release;
		};
		79F837821D3393D4006160D0 /* Debug */ = {
			isa = XCBuildConfiguration;
			buildSettings = {
				ASSETCATALOG_COMPILER_APPICON_NAME = AppIcon;
				INFOPLIST_FILE = Weather/Info.plist;
				LD_RUNPATH_SEARCH_PATHS = "$(inherited) @executable_path/Frameworks";
				PRODUCT_BUNDLE_IDENTIFIER = "com.Patata-Matata.Weather";
				PRODUCT_NAME = "$(TARGET_NAME)";
			};
			name = Debug;
		};
		79F837831D3393D4006160D0 /* Release */ = {
			isa = XCBuildConfiguration;
			buildSettings = {
				ASSETCATALOG_COMPILER_APPICON_NAME = AppIcon;
				INFOPLIST_FILE = Weather/Info.plist;
				LD_RUNPATH_SEARCH_PATHS = "$(inherited) @executable_path/Frameworks";
				PRODUCT_BUNDLE_IDENTIFIER = "com.Patata-Matata.Weather";
				PRODUCT_NAME = "$(TARGET_NAME)";
			};
			name = Release;
		};
/* End XCBuildConfiguration section */

/* Begin XCConfigurationList section */
		79F8376A1D3393D3006160D0 /* Build configuration list for PBXProject "Weather" */ = {
			isa = XCConfigurationList;
			buildConfigurations = (
				79F8377F1D3393D4006160D0 /* Debug */,
				79F837801D3393D4006160D0 /* Release */,
			);
			defaultConfigurationIsVisible = 0;
			defaultConfigurationName = Release;
		};
		79F837811D3393D4006160D0 /* Build configuration list for PBXNativeTarget "Weather" */ = {
			isa = XCConfigurationList;
			buildConfigurations = (
				79F837821D3393D4006160D0 /* Debug */,
				79F837831D3393D4006160D0 /* Release */,
			);
			defaultConfigurationIsVisible = 0;
			defaultConfigurationName = Release;
		};
/* End XCConfigurationList section */
	};
	rootObject = 79F837671D3393D3006160D0 /* Project object */;
}
